// !$*UTF8*$!
{
	archiveVersion = 1;
	classes = {
	};
	objectVersion = 50;
	objects = {

/* Begin PBXBuildFile section */
		11147A7D20DA2340007D295C /* UIImage+Color.m in Sources */ = {isa = PBXBuildFile; fileRef = 11147A7C20DA2340007D295C /* UIImage+Color.m */; };
		11147A8520DA3972007D295C /* MainViewController.m in Sources */ = {isa = PBXBuildFile; fileRef = 11147A8420DA3972007D295C /* MainViewController.m */; };
		11147A8820DA451E007D295C /* NoNavViewController.m in Sources */ = {isa = PBXBuildFile; fileRef = 11147A8720DA451E007D295C /* NoNavViewController.m */; };
		11147A8B20DA4D10007D295C /* UIViewController+HUD.m in Sources */ = {isa = PBXBuildFile; fileRef = 11147A8A20DA4D10007D295C /* UIViewController+HUD.m */; };
		1126D00F20DCCA9900BB7933 /* JCTabBarViewController.m in Sources */ = {isa = PBXBuildFile; fileRef = 1126D00E20DCCA9900BB7933 /* JCTabBarViewController.m */; };
		1126D01520DCCADD00BB7933 /* MineViewController.m in Sources */ = {isa = PBXBuildFile; fileRef = 1126D01420DCCADD00BB7933 /* MineViewController.m */; };
		11D8D24A20D8F9B000023E60 /* AppDelegate.m in Sources */ = {isa = PBXBuildFile; fileRef = 11D8D24920D8F9B000023E60 /* AppDelegate.m */; };
		11D8D25220D8F9B200023E60 /* Assets.xcassets in Resources */ = {isa = PBXBuildFile; fileRef = 11D8D25120D8F9B200023E60 /* Assets.xcassets */; };
		11D8D25520D8F9B200023E60 /* LaunchScreen.storyboard in Resources */ = {isa = PBXBuildFile; fileRef = 11D8D25320D8F9B200023E60 /* LaunchScreen.storyboard */; };
		11D8D25820D8F9B200023E60 /* main.m in Sources */ = {isa = PBXBuildFile; fileRef = 11D8D25720D8F9B200023E60 /* main.m */; };
		11F9A42120D90B7C00B96CC0 /* BaseViewController.m in Sources */ = {isa = PBXBuildFile; fileRef = 11F9A42020D90B7C00B96CC0 /* BaseViewController.m */; };
		11F9A42420D90B9800B96CC0 /* NetworkViewController.m in Sources */ = {isa = PBXBuildFile; fileRef = 11F9A42320D90B9800B96CC0 /* NetworkViewController.m */; };
		11F9A42720D90BBE00B96CC0 /* RefreshViewController.m in Sources */ = {isa = PBXBuildFile; fileRef = 11F9A42620D90BBE00B96CC0 /* RefreshViewController.m */; };
		11F9A42A20D90BFE00B96CC0 /* CommonViewController.m in Sources */ = {isa = PBXBuildFile; fileRef = 11F9A42920D90BFE00B96CC0 /* CommonViewController.m */; };
		3C4FE0753741AB49EEFB1521 /* libPods-jichang.a in Frameworks */ = {isa = PBXBuildFile; fileRef = C945335DBFFCC02ABCB9F98A /* libPods-jichang.a */; };
/* End PBXBuildFile section */

/* Begin PBXFileReference section */
		11147A7B20DA2340007D295C /* UIImage+Color.h */ = {isa = PBXFileReference; lastKnownFileType = sourcecode.c.h; path = "UIImage+Color.h"; sourceTree = "<group>"; };
		11147A7C20DA2340007D295C /* UIImage+Color.m */ = {isa = PBXFileReference; lastKnownFileType = sourcecode.c.objc; path = "UIImage+Color.m"; sourceTree = "<group>"; };
		11147A8320DA3972007D295C /* MainViewController.h */ = {isa = PBXFileReference; lastKnownFileType = sourcecode.c.h; path = MainViewController.h; sourceTree = "<group>"; };
		11147A8420DA3972007D295C /* MainViewController.m */ = {isa = PBXFileReference; lastKnownFileType = sourcecode.c.objc; path = MainViewController.m; sourceTree = "<group>"; };
		11147A8620DA451E007D295C /* NoNavViewController.h */ = {isa = PBXFileReference; lastKnownFileType = sourcecode.c.h; path = NoNavViewController.h; sourceTree = "<group>"; };
		11147A8720DA451E007D295C /* NoNavViewController.m */ = {isa = PBXFileReference; lastKnownFileType = sourcecode.c.objc; path = NoNavViewController.m; sourceTree = "<group>"; };
		11147A8920DA4D10007D295C /* UIViewController+HUD.h */ = {isa = PBXFileReference; lastKnownFileType = sourcecode.c.h; path = "UIViewController+HUD.h"; sourceTree = "<group>"; };
		11147A8A20DA4D10007D295C /* UIViewController+HUD.m */ = {isa = PBXFileReference; lastKnownFileType = sourcecode.c.objc; path = "UIViewController+HUD.m"; sourceTree = "<group>"; };
		1126D00D20DCCA9900BB7933 /* JCTabBarViewController.h */ = {isa = PBXFileReference; lastKnownFileType = sourcecode.c.h; path = JCTabBarViewController.h; sourceTree = "<group>"; };
		1126D00E20DCCA9900BB7933 /* JCTabBarViewController.m */ = {isa = PBXFileReference; lastKnownFileType = sourcecode.c.objc; path = JCTabBarViewController.m; sourceTree = "<group>"; };
		1126D01320DCCADD00BB7933 /* MineViewController.h */ = {isa = PBXFileReference; lastKnownFileType = sourcecode.c.h; path = MineViewController.h; sourceTree = "<group>"; };
		1126D01420DCCADD00BB7933 /* MineViewController.m */ = {isa = PBXFileReference; lastKnownFileType = sourcecode.c.objc; path = MineViewController.m; sourceTree = "<group>"; };
		11D8D24520D8F9B000023E60 /* jichang.app */ = {isa = PBXFileReference; explicitFileType = wrapper.application; includeInIndex = 0; path = jichang.app; sourceTree = BUILT_PRODUCTS_DIR; };
		11D8D24820D8F9B000023E60 /* AppDelegate.h */ = {isa = PBXFileReference; lastKnownFileType = sourcecode.c.h; path = AppDelegate.h; sourceTree = "<group>"; };
		11D8D24920D8F9B000023E60 /* AppDelegate.m */ = {isa = PBXFileReference; lastKnownFileType = sourcecode.c.objc; path = AppDelegate.m; sourceTree = "<group>"; };
		11D8D25120D8F9B200023E60 /* Assets.xcassets */ = {isa = PBXFileReference; lastKnownFileType = folder.assetcatalog; path = Assets.xcassets; sourceTree = "<group>"; };
		11D8D25420D8F9B200023E60 /* Base */ = {isa = PBXFileReference; lastKnownFileType = file.storyboard; name = Base; path = Base.lproj/LaunchScreen.storyboard; sourceTree = "<group>"; };
		11D8D25620D8F9B200023E60 /* Info.plist */ = {isa = PBXFileReference; lastKnownFileType = text.plist.xml; path = Info.plist; sourceTree = "<group>"; };
		11D8D25720D8F9B200023E60 /* main.m */ = {isa = PBXFileReference; lastKnownFileType = sourcecode.c.objc; path = main.m; sourceTree = "<group>"; };
		11F9A41820D907FE00B96CC0 /* jichang-prefix.pch */ = {isa = PBXFileReference; lastKnownFileType = sourcecode.c.h; path = "jichang-prefix.pch"; sourceTree = "<group>"; };
		11F9A41F20D90B7C00B96CC0 /* BaseViewController.h */ = {isa = PBXFileReference; lastKnownFileType = sourcecode.c.h; path = BaseViewController.h; sourceTree = "<group>"; };
		11F9A42020D90B7C00B96CC0 /* BaseViewController.m */ = {isa = PBXFileReference; lastKnownFileType = sourcecode.c.objc; path = BaseViewController.m; sourceTree = "<group>"; };
		11F9A42220D90B9800B96CC0 /* NetworkViewController.h */ = {isa = PBXFileReference; lastKnownFileType = sourcecode.c.h; path = NetworkViewController.h; sourceTree = "<group>"; };
		11F9A42320D90B9800B96CC0 /* NetworkViewController.m */ = {isa = PBXFileReference; lastKnownFileType = sourcecode.c.objc; path = NetworkViewController.m; sourceTree = "<group>"; };
		11F9A42520D90BBE00B96CC0 /* RefreshViewController.h */ = {isa = PBXFileReference; lastKnownFileType = sourcecode.c.h; path = RefreshViewController.h; sourceTree = "<group>"; };
		11F9A42620D90BBE00B96CC0 /* RefreshViewController.m */ = {isa = PBXFileReference; lastKnownFileType = sourcecode.c.objc; path = RefreshViewController.m; sourceTree = "<group>"; };
		11F9A42820D90BFE00B96CC0 /* CommonViewController.h */ = {isa = PBXFileReference; lastKnownFileType = sourcecode.c.h; path = CommonViewController.h; sourceTree = "<group>"; };
		11F9A42920D90BFE00B96CC0 /* CommonViewController.m */ = {isa = PBXFileReference; lastKnownFileType = sourcecode.c.objc; path = CommonViewController.m; sourceTree = "<group>"; };
		8EBA27D83BCEC7ED5F0B8EC4 /* Pods-jichang.release.xcconfig */ = {isa = PBXFileReference; includeInIndex = 1; lastKnownFileType = text.xcconfig; name = "Pods-jichang.release.xcconfig"; path = "Pods/Target Support Files/Pods-jichang/Pods-jichang.release.xcconfig"; sourceTree = "<group>"; };
		8F90ED2D517CE119D2B5FD12 /* Pods-jichang.debug.xcconfig */ = {isa = PBXFileReference; includeInIndex = 1; lastKnownFileType = text.xcconfig; name = "Pods-jichang.debug.xcconfig"; path = "Pods/Target Support Files/Pods-jichang/Pods-jichang.debug.xcconfig"; sourceTree = "<group>"; };
		C945335DBFFCC02ABCB9F98A /* libPods-jichang.a */ = {isa = PBXFileReference; explicitFileType = archive.ar; includeInIndex = 0; path = "libPods-jichang.a"; sourceTree = BUILT_PRODUCTS_DIR; };
/* End PBXFileReference section */

/* Begin PBXFrameworksBuildPhase section */
		11D8D24220D8F9B000023E60 /* Frameworks */ = {
			isa = PBXFrameworksBuildPhase;
			buildActionMask = 2147483647;
			files = (
				3C4FE0753741AB49EEFB1521 /* libPods-jichang.a in Frameworks */,
			);
			runOnlyForDeploymentPostprocessing = 0;
		};
/* End PBXFrameworksBuildPhase section */

/* Begin PBXGroup section */
		11147A7A20DA2324007D295C /* class */ = {
			isa = PBXGroup;
			children = (
				11147A7B20DA2340007D295C /* UIImage+Color.h */,
				11147A7C20DA2340007D295C /* UIImage+Color.m */,
				11147A8920DA4D10007D295C /* UIViewController+HUD.h */,
				11147A8A20DA4D10007D295C /* UIViewController+HUD.m */,
			);
			path = class;
			sourceTree = "<group>";
		};
		11147A7E20DA3940007D295C /* main */ = {
			isa = PBXGroup;
			children = (
				11147A8220DA3959007D295C /* controller */,
				11147A8120DA3954007D295C /* view */,
				11147A8020DA394E007D295C /* model */,
			);
			path = main;
			sourceTree = "<group>";
		};
		11147A7F20DA3946007D295C /* user */ = {
			isa = PBXGroup;
			children = (
				1126D01220DCCAC700BB7933 /* controller */,
				1126D01120DCCAC200BB7933 /* view */,
				1126D01020DCCABE00BB7933 /* model */,
			);
			path = user;
			sourceTree = "<group>";
		};
		11147A8020DA394E007D295C /* model */ = {
			isa = PBXGroup;
			children = (
			);
			path = model;
			sourceTree = "<group>";
		};
		11147A8120DA3954007D295C /* view */ = {
			isa = PBXGroup;
			children = (
			);
			path = view;
			sourceTree = "<group>";
		};
		11147A8220DA3959007D295C /* controller */ = {
			isa = PBXGroup;
			children = (
				11147A8320DA3972007D295C /* MainViewController.h */,
				11147A8420DA3972007D295C /* MainViewController.m */,
			);
			path = controller;
			sourceTree = "<group>";
		};
		1126D01020DCCABE00BB7933 /* model */ = {
			isa = PBXGroup;
			children = (
			);
			path = model;
			sourceTree = "<group>";
		};
		1126D01120DCCAC200BB7933 /* view */ = {
			isa = PBXGroup;
			children = (
			);
			path = view;
			sourceTree = "<group>";
		};
		1126D01220DCCAC700BB7933 /* controller */ = {
			isa = PBXGroup;
			children = (
				1126D01320DCCADD00BB7933 /* MineViewController.h */,
				1126D01420DCCADD00BB7933 /* MineViewController.m */,
			);
			path = controller;
			sourceTree = "<group>";
		};
		11D8D23C20D8F9B000023E60 = {
			isa = PBXGroup;
			children = (
				11D8D24720D8F9B000023E60 /* jichang */,
				11D8D24620D8F9B000023E60 /* Products */,
				35845B53C82B63F3305AF15A /* Pods */,
				63E65DB2C70109F9C3A6BEF8 /* Frameworks */,
			);
			sourceTree = "<group>";
		};
		11D8D24620D8F9B000023E60 /* Products */ = {
			isa = PBXGroup;
			children = (
				11D8D24520D8F9B000023E60 /* jichang.app */,
			);
			name = Products;
			sourceTree = "<group>";
		};
		11D8D24720D8F9B000023E60 /* jichang */ = {
			isa = PBXGroup;
			children = (
				11147A7A20DA2324007D295C /* class */,
				11F9A41E20D90B6A00B96CC0 /* baseControllers */,
				11F9A41D20D90B1400B96CC0 /* tabBarControllers */,
				11F9A41C20D90B0E00B96CC0 /* resources */,
				11D8D24820D8F9B000023E60 /* AppDelegate.h */,
				11D8D24920D8F9B000023E60 /* AppDelegate.m */,
				11D8D25120D8F9B200023E60 /* Assets.xcassets */,
				11D8D25320D8F9B200023E60 /* LaunchScreen.storyboard */,
				11D8D25620D8F9B200023E60 /* Info.plist */,
				11F9A41820D907FE00B96CC0 /* jichang-prefix.pch */,
				11D8D25720D8F9B200023E60 /* main.m */,
			);
			path = jichang;
			sourceTree = "<group>";
		};
		11F9A41C20D90B0E00B96CC0 /* resources */ = {
			isa = PBXGroup;
			children = (
			);
			path = resources;
			sourceTree = "<group>";
		};
		11F9A41D20D90B1400B96CC0 /* tabBarControllers */ = {
			isa = PBXGroup;
			children = (
				11147A7F20DA3946007D295C /* user */,
				11147A7E20DA3940007D295C /* main */,
			);
			path = tabBarControllers;
			sourceTree = "<group>";
		};
		11F9A41E20D90B6A00B96CC0 /* baseControllers */ = {
			isa = PBXGroup;
			children = (
				11F9A41F20D90B7C00B96CC0 /* BaseViewController.h */,
				11F9A42020D90B7C00B96CC0 /* BaseViewController.m */,
				11F9A42220D90B9800B96CC0 /* NetworkViewController.h */,
				11F9A42320D90B9800B96CC0 /* NetworkViewController.m */,
				11F9A42520D90BBE00B96CC0 /* RefreshViewController.h */,
				11F9A42620D90BBE00B96CC0 /* RefreshViewController.m */,
				11F9A42820D90BFE00B96CC0 /* CommonViewController.h */,
				11F9A42920D90BFE00B96CC0 /* CommonViewController.m */,
				11147A8620DA451E007D295C /* NoNavViewController.h */,
				11147A8720DA451E007D295C /* NoNavViewController.m */,
				1126D00D20DCCA9900BB7933 /* JCTabBarViewController.h */,
				1126D00E20DCCA9900BB7933 /* JCTabBarViewController.m */,
			);
			path = baseControllers;
			sourceTree = "<group>";
		};
		35845B53C82B63F3305AF15A /* Pods */ = {
			isa = PBXGroup;
			children = (
				8F90ED2D517CE119D2B5FD12 /* Pods-jichang.debug.xcconfig */,
				8EBA27D83BCEC7ED5F0B8EC4 /* Pods-jichang.release.xcconfig */,
			);
			name = Pods;
			sourceTree = "<group>";
		};
		63E65DB2C70109F9C3A6BEF8 /* Frameworks */ = {
			isa = PBXGroup;
			children = (
				C945335DBFFCC02ABCB9F98A /* libPods-jichang.a */,
			);
			name = Frameworks;
			sourceTree = "<group>";
		};
/* End PBXGroup section */

/* Begin PBXNativeTarget section */
		11D8D24420D8F9B000023E60 /* jichang */ = {
			isa = PBXNativeTarget;
			buildConfigurationList = 11D8D25B20D8F9B200023E60 /* Build configuration list for PBXNativeTarget "jichang" */;
			buildPhases = (
				FAB0BB1464A19957012E9F23 /* [CP] Check Pods Manifest.lock */,
				11D8D24120D8F9B000023E60 /* Sources */,
				11D8D24220D8F9B000023E60 /* Frameworks */,
				11D8D24320D8F9B000023E60 /* Resources */,
				39B920C7A8015B0AFC1A8B48 /* [CP] Copy Pods Resources */,
			);
			buildRules = (
			);
			dependencies = (
			);
			name = jichang;
			productName = jichang;
			productReference = 11D8D24520D8F9B000023E60 /* jichang.app */;
			productType = "com.apple.product-type.application";
		};
/* End PBXNativeTarget section */

/* Begin PBXProject section */
		11D8D23D20D8F9B000023E60 /* Project object */ = {
			isa = PBXProject;
			attributes = {
				LastUpgradeCheck = 0930;
				ORGANIZATIONNAME = minglongkeji;
				TargetAttributes = {
					11D8D24420D8F9B000023E60 = {
						CreatedOnToolsVersion = 9.3.1;
					};
				};
			};
			buildConfigurationList = 11D8D24020D8F9B000023E60 /* Build configuration list for PBXProject "jichang" */;
			compatibilityVersion = "Xcode 9.3";
			developmentRegion = en;
			hasScannedForEncodings = 0;
			knownRegions = (
				en,
				Base,
			);
			mainGroup = 11D8D23C20D8F9B000023E60;
			productRefGroup = 11D8D24620D8F9B000023E60 /* Products */;
			projectDirPath = "";
			projectRoot = "";
			targets = (
				11D8D24420D8F9B000023E60 /* jichang */,
			);
		};
/* End PBXProject section */

/* Begin PBXResourcesBuildPhase section */
		11D8D24320D8F9B000023E60 /* Resources */ = {
			isa = PBXResourcesBuildPhase;
			buildActionMask = 2147483647;
			files = (
				11D8D25520D8F9B200023E60 /* LaunchScreen.storyboard in Resources */,
				11D8D25220D8F9B200023E60 /* Assets.xcassets in Resources */,
			);
			runOnlyForDeploymentPostprocessing = 0;
		};
/* End PBXResourcesBuildPhase section */

/* Begin PBXShellScriptBuildPhase section */
		39B920C7A8015B0AFC1A8B48 /* [CP] Copy Pods Resources */ = {
			isa = PBXShellScriptBuildPhase;
			buildActionMask = 2147483647;
			files = (
			);
			inputPaths = (
				"${SRCROOT}/Pods/Target Support Files/Pods-jichang/Pods-jichang-resources.sh",
				"${PODS_ROOT}/MJRefresh/MJRefresh/MJRefresh.bundle",
				"${PODS_CONFIGURATION_BUILD_DIR}/RETableViewManager/RETableViewManager.bundle",
			);
			name = "[CP] Copy Pods Resources";
			outputPaths = (
				"${TARGET_BUILD_DIR}/${UNLOCALIZED_RESOURCES_FOLDER_PATH}/MJRefresh.bundle",
				"${TARGET_BUILD_DIR}/${UNLOCALIZED_RESOURCES_FOLDER_PATH}/RETableViewManager.bundle",
			);
			runOnlyForDeploymentPostprocessing = 0;
			shellPath = /bin/sh;
			shellScript = "\"${SRCROOT}/Pods/Target Support Files/Pods-jichang/Pods-jichang-resources.sh\"\n";
			showEnvVarsInLog = 0;
		};
		FAB0BB1464A19957012E9F23 /* [CP] Check Pods Manifest.lock */ = {
			isa = PBXShellScriptBuildPhase;
			buildActionMask = 2147483647;
			files = (
			);
			inputPaths = (
				"${PODS_PODFILE_DIR_PATH}/Podfile.lock",
				"${PODS_ROOT}/Manifest.lock",
			);
			name = "[CP] Check Pods Manifest.lock";
			outputPaths = (
				"$(DERIVED_FILE_DIR)/Pods-jichang-checkManifestLockResult.txt",
			);
			runOnlyForDeploymentPostprocessing = 0;
			shellPath = /bin/sh;
			shellScript = "diff \"${PODS_PODFILE_DIR_PATH}/Podfile.lock\" \"${PODS_ROOT}/Manifest.lock\" > /dev/null\nif [ $? != 0 ] ; then\n    # print error to STDERR\n    echo \"error: The sandbox is not in sync with the Podfile.lock. Run 'pod install' or update your CocoaPods installation.\" >&2\n    exit 1\nfi\n# This output is used by Xcode 'outputs' to avoid re-running this script phase.\necho \"SUCCESS\" > \"${SCRIPT_OUTPUT_FILE_0}\"\n";
			showEnvVarsInLog = 0;
		};
/* End PBXShellScriptBuildPhase section */

/* Begin PBXSourcesBuildPhase section */
		11D8D24120D8F9B000023E60 /* Sources */ = {
			isa = PBXSourcesBuildPhase;
			buildActionMask = 2147483647;
			files = (
				11F9A42A20D90BFE00B96CC0 /* CommonViewController.m in Sources */,
				1126D01520DCCADD00BB7933 /* MineViewController.m in Sources */,
				11F9A42120D90B7C00B96CC0 /* BaseViewController.m in Sources */,
				11F9A42720D90BBE00B96CC0 /* RefreshViewController.m in Sources */,
				11147A8520DA3972007D295C /* MainViewController.m in Sources */,
				11D8D25820D8F9B200023E60 /* main.m in Sources */,
				11147A8B20DA4D10007D295C /* UIViewController+HUD.m in Sources */,
				1126D00F20DCCA9900BB7933 /* JCTabBarViewController.m in Sources */,
				11147A7D20DA2340007D295C /* UIImage+Color.m in Sources */,
				11D8D24A20D8F9B000023E60 /* AppDelegate.m in Sources */,
				11F9A42420D90B9800B96CC0 /* NetworkViewController.m in Sources */,
				11147A8820DA451E007D295C /* NoNavViewController.m in Sources */,
			);
			runOnlyForDeploymentPostprocessing = 0;
		};
/* End PBXSourcesBuildPhase section */

/* Begin PBXVariantGroup section */
		11D8D25320D8F9B200023E60 /* LaunchScreen.storyboard */ = {
			isa = PBXVariantGroup;
			children = (
				11D8D25420D8F9B200023E60 /* Base */,
			);
			name = LaunchScreen.storyboard;
			sourceTree = "<group>";
		};
/* End PBXVariantGroup section */

/* Begin XCBuildConfiguration section */
		11D8D25920D8F9B200023E60 /* Debug */ = {
			isa = XCBuildConfiguration;
			buildSettings = {
				ALWAYS_SEARCH_USER_PATHS = NO;
				CLANG_ANALYZER_NONNULL = YES;
				CLANG_ANALYZER_NUMBER_OBJECT_CONVERSION = YES_AGGRESSIVE;
				CLANG_CXX_LANGUAGE_STANDARD = "gnu++14";
				CLANG_CXX_LIBRARY = "libc++";
				CLANG_ENABLE_MODULES = YES;
				CLANG_ENABLE_OBJC_ARC = YES;
				CLANG_ENABLE_OBJC_WEAK = YES;
				CLANG_WARN_BLOCK_CAPTURE_AUTORELEASING = YES;
				CLANG_WARN_BOOL_CONVERSION = YES;
				CLANG_WARN_COMMA = YES;
				CLANG_WARN_CONSTANT_CONVERSION = YES;
				CLANG_WARN_DEPRECATED_OBJC_IMPLEMENTATIONS = YES;
				CLANG_WARN_DIRECT_OBJC_ISA_USAGE = YES_ERROR;
				CLANG_WARN_DOCUMENTATION_COMMENTS = YES;
				CLANG_WARN_EMPTY_BODY = YES;
				CLANG_WARN_ENUM_CONVERSION = YES;
				CLANG_WARN_INFINITE_RECURSION = YES;
				CLANG_WARN_INT_CONVERSION = YES;
				CLANG_WARN_NON_LITERAL_NULL_CONVERSION = YES;
				CLANG_WARN_OBJC_IMPLICIT_RETAIN_SELF = YES;
				CLANG_WARN_OBJC_LITERAL_CONVERSION = YES;
				CLANG_WARN_OBJC_ROOT_CLASS = YES_ERROR;
				CLANG_WARN_RANGE_LOOP_ANALYSIS = YES;
				CLANG_WARN_STRICT_PROTOTYPES = YES;
				CLANG_WARN_SUSPICIOUS_MOVE = YES;
				CLANG_WARN_UNGUARDED_AVAILABILITY = YES_AGGRESSIVE;
				CLANG_WARN_UNREACHABLE_CODE = YES;
				CLANG_WARN__DUPLICATE_METHOD_MATCH = YES;
				CODE_SIGN_IDENTITY = "iPhone Developer";
				COPY_PHASE_STRIP = NO;
				DEBUG_INFORMATION_FORMAT = dwarf;
				ENABLE_STRICT_OBJC_MSGSEND = YES;
				ENABLE_TESTABILITY = YES;
				GCC_C_LANGUAGE_STANDARD = gnu11;
				GCC_DYNAMIC_NO_PIC = NO;
				GCC_NO_COMMON_BLOCKS = YES;
				GCC_OPTIMIZATION_LEVEL = 0;
				GCC_PREPROCESSOR_DEFINITIONS = (
					"DEBUG=1",
					"$(inherited)",
				);
				GCC_WARN_64_TO_32_BIT_CONVERSION = YES;
				GCC_WARN_ABOUT_RETURN_TYPE = YES_ERROR;
				GCC_WARN_UNDECLARED_SELECTOR = YES;
				GCC_WARN_UNINITIALIZED_AUTOS = YES_AGGRESSIVE;
				GCC_WARN_UNUSED_FUNCTION = YES;
				GCC_WARN_UNUSED_VARIABLE = YES;
				IPHONEOS_DEPLOYMENT_TARGET = 11.3;
				MTL_ENABLE_DEBUG_INFO = YES;
				ONLY_ACTIVE_ARCH = YES;
				SDKROOT = iphoneos;
			};
			name = Debug;
		};
		11D8D25A20D8F9B200023E60 /* Release */ = {
			isa = XCBuildConfiguration;
			buildSettings = {
				ALWAYS_SEARCH_USER_PATHS = NO;
				CLANG_ANALYZER_NONNULL = YES;
				CLANG_ANALYZER_NUMBER_OBJECT_CONVERSION = YES_AGGRESSIVE;
				CLANG_CXX_LANGUAGE_STANDARD = "gnu++14";
				CLANG_CXX_LIBRARY = "libc++";
				CLANG_ENABLE_MODULES = YES;
				CLANG_ENABLE_OBJC_ARC = YES;
				CLANG_ENABLE_OBJC_WEAK = YES;
				CLANG_WARN_BLOCK_CAPTURE_AUTORELEASING = YES;
				CLANG_WARN_BOOL_CONVERSION = YES;
				CLANG_WARN_COMMA = YES;
				CLANG_WARN_CONSTANT_CONVERSION = YES;
				CLANG_WARN_DEPRECATED_OBJC_IMPLEMENTATIONS = YES;
				CLANG_WARN_DIRECT_OBJC_ISA_USAGE = YES_ERROR;
				CLANG_WARN_DOCUMENTATION_COMMENTS = YES;
				CLANG_WARN_EMPTY_BODY = YES;
				CLANG_WARN_ENUM_CONVERSION = YES;
				CLANG_WARN_INFINITE_RECURSION = YES;
				CLANG_WARN_INT_CONVERSION = YES;
				CLANG_WARN_NON_LITERAL_NULL_CONVERSION = YES;
				CLANG_WARN_OBJC_IMPLICIT_RETAIN_SELF = YES;
				CLANG_WARN_OBJC_LITERAL_CONVERSION = YES;
				CLANG_WARN_OBJC_ROOT_CLASS = YES_ERROR;
				CLANG_WARN_RANGE_LOOP_ANALYSIS = YES;
				CLANG_WARN_STRICT_PROTOTYPES = YES;
				CLANG_WARN_SUSPICIOUS_MOVE = YES;
				CLANG_WARN_UNGUARDED_AVAILABILITY = YES_AGGRESSIVE;
				CLANG_WARN_UNREACHABLE_CODE = YES;
				CLANG_WARN__DUPLICATE_METHOD_MATCH = YES;
				CODE_SIGN_IDENTITY = "iPhone Developer";
				COPY_PHASE_STRIP = NO;
				DEBUG_INFORMATION_FORMAT = "dwarf-with-dsym";
				ENABLE_NS_ASSERTIONS = NO;
				ENABLE_STRICT_OBJC_MSGSEND = YES;
				GCC_C_LANGUAGE_STANDARD = gnu11;
				GCC_NO_COMMON_BLOCKS = YES;
				GCC_WARN_64_TO_32_BIT_CONVERSION = YES;
				GCC_WARN_ABOUT_RETURN_TYPE = YES_ERROR;
				GCC_WARN_UNDECLARED_SELECTOR = YES;
				GCC_WARN_UNINITIALIZED_AUTOS = YES_AGGRESSIVE;
				GCC_WARN_UNUSED_FUNCTION = YES;
				GCC_WARN_UNUSED_VARIABLE = YES;
				IPHONEOS_DEPLOYMENT_TARGET = 11.3;
				MTL_ENABLE_DEBUG_INFO = NO;
				SDKROOT = iphoneos;
				VALIDATE_PRODUCT = YES;
			};
			name = Release;
		};
		11D8D25C20D8F9B200023E60 /* Debug */ = {
			isa = XCBuildConfiguration;
			baseConfigurationReference = 8F90ED2D517CE119D2B5FD12 /* Pods-jichang.debug.xcconfig */;
			buildSettings = {
				ASSETCATALOG_COMPILER_APPICON_NAME = AppIcon;
				CODE_SIGN_STYLE = Automatic;
				DEVELOPMENT_TEAM = FZC6S954D9;
				GCC_PRECOMPILE_PREFIX_HEADER = YES;
				GCC_PREFIX_HEADER = "jichang/jichang-prefix.pch";
				INFOPLIST_FILE = jichang/Info.plist;
				LD_RUNPATH_SEARCH_PATHS = (
					"$(inherited)",
					"@executable_path/Frameworks",
				);
				PRODUCT_BUNDLE_IDENTIFIER = com.minglongkeji.jichang;
				PRODUCT_NAME = "$(TARGET_NAME)";
				TARGETED_DEVICE_FAMILY = "1,2";
			};
			name = Debug;
		};
		11D8D25D20D8F9B200023E60 /* Release */ = {
			isa = XCBuildConfiguration;
			baseConfigurationReference = 8EBA27D83BCEC7ED5F0B8EC4 /* Pods-jichang.release.xcconfig */;
			buildSettings = {
				ASSETCATALOG_COMPILER_APPICON_NAME = AppIcon;
				CODE_SIGN_STYLE = Automatic;
				DEVELOPMENT_TEAM = FZC6S954D9;
				GCC_PRECOMPILE_PREFIX_HEADER = YES;
				GCC_PREFIX_HEADER = "jichang/jichang-prefix.pch";
				INFOPLIST_FILE = jichang/Info.plist;
				LD_RUNPATH_SEARCH_PATHS = (
					"$(inherited)",
					"@executable_path/Frameworks",
				);
				PRODUCT_BUNDLE_IDENTIFIER = com.minglongkeji.jichang;
				PRODUCT_NAME = "$(TARGET_NAME)";
				TARGETED_DEVICE_FAMILY = "1,2";
			};
			name = Release;
		};
/* End XCBuildConfiguration section */

/* Begin XCConfigurationList section */
		11D8D24020D8F9B000023E60 /* Build configuration list for PBXProject "jichang" */ = {
			isa = XCConfigurationList;
			buildConfigurations = (
				11D8D25920D8F9B200023E60 /* Debug */,
				11D8D25A20D8F9B200023E60 /* Release */,
			);
			defaultConfigurationIsVisible = 0;
			defaultConfigurationName = Release;
		};
		11D8D25B20D8F9B200023E60 /* Build configuration list for PBXNativeTarget "jichang" */ = {
			isa = XCConfigurationList;
			buildConfigurations = (
				11D8D25C20D8F9B200023E60 /* Debug */,
				11D8D25D20D8F9B200023E60 /* Release */,
			);
			defaultConfigurationIsVisible = 0;
			defaultConfigurationName = Release;
		};
/* End XCConfigurationList section */
	};
	rootObject = 11D8D23D20D8F9B000023E60 /* Project object */;
}
