// !$*UTF8*$!
{
	archiveVersion = 1;
	classes = {
	};
	objectVersion = 48;
	objects = {

/* Begin PBXBuildFile section */
		11CD1D4F20D8D8DD000C49DF /* AppDelegate.m in Sources */ = {isa = PBXBuildFile; fileRef = 11CD1D4E20D8D8DD000C49DF /* AppDelegate.m */; };
		11CD1D5520D8D8DD000C49DF /* Main.storyboard in Resources */ = {isa = PBXBuildFile; fileRef = 11CD1D5320D8D8DD000C49DF /* Main.storyboard */; };
		11CD1D5720D8D8DD000C49DF /* Assets.xcassets in Resources */ = {isa = PBXBuildFile; fileRef = 11CD1D5620D8D8DD000C49DF /* Assets.xcassets */; };
		11CD1D5A20D8D8DD000C49DF /* LaunchScreen.storyboard in Resources */ = {isa = PBXBuildFile; fileRef = 11CD1D5820D8D8DD000C49DF /* LaunchScreen.storyboard */; };
		11CD1D5D20D8D8DD000C49DF /* main.m in Sources */ = {isa = PBXBuildFile; fileRef = 11CD1D5C20D8D8DD000C49DF /* main.m */; };
		11CD1D7020D8DA7F000C49DF /* BaseViewController.m in Sources */ = {isa = PBXBuildFile; fileRef = 11CD1D6F20D8DA7F000C49DF /* BaseViewController.m */; };
		11CD1D7320D8DBED000C49DF /* NetwokkViewController.m in Sources */ = {isa = PBXBuildFile; fileRef = 11CD1D7220D8DBED000C49DF /* NetwokkViewController.m */; };
		11D8D23620D8E7C100023E60 /* RefreshTableViewController.m in Sources */ = {isa = PBXBuildFile; fileRef = 11D8D23520D8E7C100023E60 /* RefreshTableViewController.m */; };
		11D8D23920D8E7D200023E60 /* CommonTableViewController.m in Sources */ = {isa = PBXBuildFile; fileRef = 11D8D23820D8E7D200023E60 /* CommonTableViewController.m */; };
		18C8A76E1B2166A60F607D61 /* libPods-jichang.a in Frameworks */ = {isa = PBXBuildFile; fileRef = BB789B6E349A9A19D277090E /* libPods-jichang.a */; };
/* End PBXBuildFile section */

/* Begin PBXFileReference section */
		11CD1D4A20D8D8DD000C49DF /* jichang.app */ = {isa = PBXFileReference; explicitFileType = wrapper.application; includeInIndex = 0; path = jichang.app; sourceTree = BUILT_PRODUCTS_DIR; };
		11CD1D4D20D8D8DD000C49DF /* AppDelegate.h */ = {isa = PBXFileReference; lastKnownFileType = sourcecode.c.h; path = AppDelegate.h; sourceTree = "<group>"; };
		11CD1D4E20D8D8DD000C49DF /* AppDelegate.m */ = {isa = PBXFileReference; lastKnownFileType = sourcecode.c.objc; path = AppDelegate.m; sourceTree = "<group>"; };
		11CD1D5420D8D8DD000C49DF /* Base */ = {isa = PBXFileReference; lastKnownFileType = file.storyboard; name = Base; path = Base.lproj/Main.storyboard; sourceTree = "<group>"; };
		11CD1D5620D8D8DD000C49DF /* Assets.xcassets */ = {isa = PBXFileReference; lastKnownFileType = folder.assetcatalog; path = Assets.xcassets; sourceTree = "<group>"; };
		11CD1D5920D8D8DD000C49DF /* Base */ = {isa = PBXFileReference; lastKnownFileType = file.storyboard; name = Base; path = Base.lproj/LaunchScreen.storyboard; sourceTree = "<group>"; };
		11CD1D5B20D8D8DD000C49DF /* Info.plist */ = {isa = PBXFileReference; lastKnownFileType = text.plist.xml; path = Info.plist; sourceTree = "<group>"; };
		11CD1D5C20D8D8DD000C49DF /* main.m */ = {isa = PBXFileReference; lastKnownFileType = sourcecode.c.objc; path = main.m; sourceTree = "<group>"; };
		11CD1D6E20D8DA7F000C49DF /* BaseViewController.h */ = {isa = PBXFileReference; lastKnownFileType = sourcecode.c.h; path = BaseViewController.h; sourceTree = "<group>"; };
		11CD1D6F20D8DA7F000C49DF /* BaseViewController.m */ = {isa = PBXFileReference; lastKnownFileType = sourcecode.c.objc; path = BaseViewController.m; sourceTree = "<group>"; };
		11CD1D7120D8DBED000C49DF /* NetwokkViewController.h */ = {isa = PBXFileReference; lastKnownFileType = sourcecode.c.h; path = NetwokkViewController.h; sourceTree = "<group>"; };
		11CD1D7220D8DBED000C49DF /* NetwokkViewController.m */ = {isa = PBXFileReference; lastKnownFileType = sourcecode.c.objc; path = NetwokkViewController.m; sourceTree = "<group>"; };
		11D8D23420D8E7C100023E60 /* RefreshTableViewController.h */ = {isa = PBXFileReference; lastKnownFileType = sourcecode.c.h; path = RefreshTableViewController.h; sourceTree = "<group>"; };
		11D8D23520D8E7C100023E60 /* RefreshTableViewController.m */ = {isa = PBXFileReference; lastKnownFileType = sourcecode.c.objc; path = RefreshTableViewController.m; sourceTree = "<group>"; };
		11D8D23720D8E7D200023E60 /* CommonTableViewController.h */ = {isa = PBXFileReference; lastKnownFileType = sourcecode.c.h; path = CommonTableViewController.h; sourceTree = "<group>"; };
		11D8D23820D8E7D200023E60 /* CommonTableViewController.m */ = {isa = PBXFileReference; lastKnownFileType = sourcecode.c.objc; path = CommonTableViewController.m; sourceTree = "<group>"; };
		11D8D23B20D8E86E00023E60 /* jichang.pch */ = {isa = PBXFileReference; lastKnownFileType = sourcecode.c.h; path = jichang.pch; sourceTree = "<group>"; };
		943055CDC3F0EADD5CCFC8EA /* Pods-jichang.debug.xcconfig */ = {isa = PBXFileReference; includeInIndex = 1; lastKnownFileType = text.xcconfig; name = "Pods-jichang.debug.xcconfig"; path = "Pods/Target Support Files/Pods-jichang/Pods-jichang.debug.xcconfig"; sourceTree = "<group>"; };
		BB789B6E349A9A19D277090E /* libPods-jichang.a */ = {isa = PBXFileReference; explicitFileType = archive.ar; includeInIndex = 0; path = "libPods-jichang.a"; sourceTree = BUILT_PRODUCTS_DIR; };
		EA3F5D50CF4DB87DD4C06D4F /* Pods-jichang.release.xcconfig */ = {isa = PBXFileReference; includeInIndex = 1; lastKnownFileType = text.xcconfig; name = "Pods-jichang.release.xcconfig"; path = "Pods/Target Support Files/Pods-jichang/Pods-jichang.release.xcconfig"; sourceTree = "<group>"; };
/* End PBXFileReference section */

/* Begin PBXFrameworksBuildPhase section */
		11CD1D4720D8D8DD000C49DF /* Frameworks */ = {
			isa = PBXFrameworksBuildPhase;
			buildActionMask = 2147483647;
			files = (
				18C8A76E1B2166A60F607D61 /* libPods-jichang.a in Frameworks */,
			);
			runOnlyForDeploymentPostprocessing = 0;
		};
/* End PBXFrameworksBuildPhase section */

/* Begin PBXGroup section */
		11CD1D4120D8D8DD000C49DF = {
			isa = PBXGroup;
			children = (
				11CD1D4C20D8D8DD000C49DF /* jichang */,
				11CD1D4B20D8D8DD000C49DF /* Products */,
				53B66BFFFF137A88AD2D8863 /* Pods */,
				804025D5F8840BD76623D07D /* Frameworks */,
			);
			sourceTree = "<group>";
		};
		11CD1D4B20D8D8DD000C49DF /* Products */ = {
			isa = PBXGroup;
			children = (
				11CD1D4A20D8D8DD000C49DF /* jichang.app */,
			);
			name = Products;
			sourceTree = "<group>";
		};
		11CD1D4C20D8D8DD000C49DF /* jichang */ = {
			isa = PBXGroup;
			children = (
				11CD1D6520D8D995000C49DF /* resources */,
				11CD1D4D20D8D8DD000C49DF /* AppDelegate.h */,
				11CD1D4E20D8D8DD000C49DF /* AppDelegate.m */,
				11CD1D6E20D8DA7F000C49DF /* BaseViewController.h */,
				11CD1D6F20D8DA7F000C49DF /* BaseViewController.m */,
				11CD1D7120D8DBED000C49DF /* NetwokkViewController.h */,
				11CD1D7220D8DBED000C49DF /* NetwokkViewController.m */,
				11D8D23420D8E7C100023E60 /* RefreshTableViewController.h */,
				11D8D23520D8E7C100023E60 /* RefreshTableViewController.m */,
				11D8D23720D8E7D200023E60 /* CommonTableViewController.h */,
				11D8D23820D8E7D200023E60 /* CommonTableViewController.m */,
				11CD1D6320D8D96B000C49DF /* tabBarController */,
				11CD1D5320D8D8DD000C49DF /* Main.storyboard */,
				11CD1D5620D8D8DD000C49DF /* Assets.xcassets */,
				11CD1D5820D8D8DD000C49DF /* LaunchScreen.storyboard */,
				11CD1D5B20D8D8DD000C49DF /* Info.plist */,
				11D8D23B20D8E86E00023E60 /* jichang.pch */,
				11CD1D5C20D8D8DD000C49DF /* main.m */,
			);
			path = jichang;
			sourceTree = "<group>";
		};
		11CD1D6320D8D96B000C49DF /* tabBarController */ = {
			isa = PBXGroup;
			children = (
				11CD1D6720D8D9D0000C49DF /* user */,
				11CD1D6620D8D9C9000C49DF /* main */,
			);
			path = tabBarController;
			sourceTree = "<group>";
		};
		11CD1D6520D8D995000C49DF /* resources */ = {
			isa = PBXGroup;
			children = (
				11D8D23020D8E60800023E60 /* images */,
			);
			path = resources;
			sourceTree = "<group>";
		};
		11CD1D6620D8D9C9000C49DF /* main */ = {
			isa = PBXGroup;
			children = (
				11CD1D6A20D8D9FC000C49DF /* controller */,
				11CD1D6920D8D9F8000C49DF /* view */,
				11CD1D6820D8D9F0000C49DF /* model */,
			);
			path = main;
			sourceTree = "<group>";
		};
		11CD1D6720D8D9D0000C49DF /* user */ = {
			isa = PBXGroup;
			children = (
				11CD1D6D20D8DA5C000C49DF /* controller */,
				11CD1D6C20D8DA56000C49DF /* view */,
				11CD1D6B20D8DA36000C49DF /* model */,
			);
			path = user;
			sourceTree = "<group>";
		};
		11CD1D6820D8D9F0000C49DF /* model */ = {
			isa = PBXGroup;
			children = (
			);
			path = model;
			sourceTree = "<group>";
		};
		11CD1D6920D8D9F8000C49DF /* view */ = {
			isa = PBXGroup;
			children = (
			);
			path = view;
			sourceTree = "<group>";
		};
		11CD1D6A20D8D9FC000C49DF /* controller */ = {
			isa = PBXGroup;
			children = (
			);
			path = controller;
			sourceTree = "<group>";
		};
		11CD1D6B20D8DA36000C49DF /* model */ = {
			isa = PBXGroup;
			children = (
			);
			path = model;
			sourceTree = "<group>";
		};
		11CD1D6C20D8DA56000C49DF /* view */ = {
			isa = PBXGroup;
			children = (
			);
			path = view;
			sourceTree = "<group>";
		};
		11CD1D6D20D8DA5C000C49DF /* controller */ = {
			isa = PBXGroup;
			children = (
			);
			path = controller;
			sourceTree = "<group>";
		};
		11D8D23020D8E60800023E60 /* images */ = {
			isa = PBXGroup;
			children = (
			);
			path = images;
			sourceTree = "<group>";
		};
		53B66BFFFF137A88AD2D8863 /* Pods */ = {
			isa = PBXGroup;
			children = (
				943055CDC3F0EADD5CCFC8EA /* Pods-jichang.debug.xcconfig */,
				EA3F5D50CF4DB87DD4C06D4F /* Pods-jichang.release.xcconfig */,
			);
			name = Pods;
			sourceTree = "<group>";
		};
		804025D5F8840BD76623D07D /* Frameworks */ = {
			isa = PBXGroup;
			children = (
				BB789B6E349A9A19D277090E /* libPods-jichang.a */,
			);
			name = Frameworks;
			sourceTree = "<group>";
		};
/* End PBXGroup section */

/* Begin PBXNativeTarget section */
		11CD1D4920D8D8DD000C49DF /* jichang */ = {
			isa = PBXNativeTarget;
			buildConfigurationList = 11CD1D6020D8D8DD000C49DF /* Build configuration list for PBXNativeTarget "jichang" */;
			buildPhases = (
				3A50DD2097FABC402FF06C20 /* [CP] Check Pods Manifest.lock */,
				11CD1D4620D8D8DD000C49DF /* Sources */,
				11CD1D4720D8D8DD000C49DF /* Frameworks */,
				11CD1D4820D8D8DD000C49DF /* Resources */,
				8CE896B26E9ADB1226C02D9E /* [CP] Copy Pods Resources */,
			);
			buildRules = (
			);
			dependencies = (
			);
			name = jichang;
			productName = jichang;
			productReference = 11CD1D4A20D8D8DD000C49DF /* jichang.app */;
			productType = "com.apple.product-type.application";
		};
/* End PBXNativeTarget section */

/* Begin PBXProject section */
		11CD1D4220D8D8DD000C49DF /* Project object */ = {
			isa = PBXProject;
			attributes = {
				LastUpgradeCheck = 0920;
				ORGANIZATIONNAME = minglongkeji;
				TargetAttributes = {
					11CD1D4920D8D8DD000C49DF = {
						CreatedOnToolsVersion = 9.2;
						ProvisioningStyle = Automatic;
					};
				};
			};
			buildConfigurationList = 11CD1D4520D8D8DD000C49DF /* Build configuration list for PBXProject "jichang" */;
			compatibilityVersion = "Xcode 8.0";
			developmentRegion = en;
			hasScannedForEncodings = 0;
			knownRegions = (
				en,
				Base,
			);
			mainGroup = 11CD1D4120D8D8DD000C49DF;
			productRefGroup = 11CD1D4B20D8D8DD000C49DF /* Products */;
			projectDirPath = "";
			projectRoot = "";
			targets = (
				11CD1D4920D8D8DD000C49DF /* jichang */,
			);
		};
/* End PBXProject section */

/* Begin PBXResourcesBuildPhase section */
		11CD1D4820D8D8DD000C49DF /* Resources */ = {
			isa = PBXResourcesBuildPhase;
			buildActionMask = 2147483647;
			files = (
				11CD1D5A20D8D8DD000C49DF /* LaunchScreen.storyboard in Resources */,
				11CD1D5720D8D8DD000C49DF /* Assets.xcassets in Resources */,
				11CD1D5520D8D8DD000C49DF /* Main.storyboard in Resources */,
			);
			runOnlyForDeploymentPostprocessing = 0;
		};
/* End PBXResourcesBuildPhase section */

/* Begin PBXShellScriptBuildPhase section */
		3A50DD2097FABC402FF06C20 /* [CP] Check Pods Manifest.lock */ = {
			isa = PBXShellScriptBuildPhase;
			buildActionMask = 2147483647;
			files = (
			);
			inputPaths = (
				"${PODS_PODFILE_DIR_PATH}/Podfile.lock",
				"${PODS_ROOT}/Manifest.lock",
			);
			name = "[CP] Check Pods Manifest.lock";
			outputPaths = (
				"$(DERIVED_FILE_DIR)/Pods-jichang-checkManifestLockResult.txt",
			);
			runOnlyForDeploymentPostprocessing = 0;
			shellPath = /bin/sh;
			shellScript = "diff \"${PODS_PODFILE_DIR_PATH}/Podfile.lock\" \"${PODS_ROOT}/Manifest.lock\" > /dev/null\nif [ $? != 0 ] ; then\n    # print error to STDERR\n    echo \"error: The sandbox is not in sync with the Podfile.lock. Run 'pod install' or update your CocoaPods installation.\" >&2\n    exit 1\nfi\n# This output is used by Xcode 'outputs' to avoid re-running this script phase.\necho \"SUCCESS\" > \"${SCRIPT_OUTPUT_FILE_0}\"\n";
			showEnvVarsInLog = 0;
		};
		8CE896B26E9ADB1226C02D9E /* [CP] Copy Pods Resources */ = {
			isa = PBXShellScriptBuildPhase;
			buildActionMask = 2147483647;
			files = (
			);
			inputPaths = (
				"${SRCROOT}/Pods/Target Support Files/Pods-jichang/Pods-jichang-resources.sh",
				"${PODS_CONFIGURATION_BUILD_DIR}/RETableViewManager/RETableViewManager.bundle",
			);
			name = "[CP] Copy Pods Resources";
			outputPaths = (
				"${TARGET_BUILD_DIR}/${UNLOCALIZED_RESOURCES_FOLDER_PATH}/RETableViewManager.bundle",
			);
			runOnlyForDeploymentPostprocessing = 0;
			shellPath = /bin/sh;
			shellScript = "\"${SRCROOT}/Pods/Target Support Files/Pods-jichang/Pods-jichang-resources.sh\"\n";
			showEnvVarsInLog = 0;
		};
/* End PBXShellScriptBuildPhase section */

/* Begin PBXSourcesBuildPhase section */
		11CD1D4620D8D8DD000C49DF /* Sources */ = {
			isa = PBXSourcesBuildPhase;
			buildActionMask = 2147483647;
			files = (
				11CD1D7020D8DA7F000C49DF /* BaseViewController.m in Sources */,
				11CD1D5D20D8D8DD000C49DF /* main.m in Sources */,
				11CD1D7320D8DBED000C49DF /* NetwokkViewController.m in Sources */,
				11CD1D4F20D8D8DD000C49DF /* AppDelegate.m in Sources */,
				11D8D23620D8E7C100023E60 /* RefreshTableViewController.m in Sources */,
				11D8D23920D8E7D200023E60 /* CommonTableViewController.m in Sources */,
			);
			runOnlyForDeploymentPostprocessing = 0;
		};
/* End PBXSourcesBuildPhase section */

/* Begin PBXVariantGroup section */
		11CD1D5320D8D8DD000C49DF /* Main.storyboard */ = {
			isa = PBXVariantGroup;
			children = (
				11CD1D5420D8D8DD000C49DF /* Base */,
			);
			name = Main.storyboard;
			sourceTree = "<group>";
		};
		11CD1D5820D8D8DD000C49DF /* LaunchScreen.storyboard */ = {
			isa = PBXVariantGroup;
			children = (
				11CD1D5920D8D8DD000C49DF /* Base */,
			);
			name = LaunchScreen.storyboard;
			sourceTree = "<group>";
		};
/* End PBXVariantGroup section */

/* Begin XCBuildConfiguration section */
		11CD1D5E20D8D8DD000C49DF /* Debug */ = {
			isa = XCBuildConfiguration;
			buildSettings = {
				ALWAYS_SEARCH_USER_PATHS = NO;
				CLANG_ANALYZER_NONNULL = YES;
				CLANG_ANALYZER_NUMBER_OBJECT_CONVERSION = YES_AGGRESSIVE;
				CLANG_CXX_LANGUAGE_STANDARD = "gnu++14";
				CLANG_CXX_LIBRARY = "libc++";
				CLANG_ENABLE_MODULES = YES;
				CLANG_ENABLE_OBJC_ARC = YES;
				CLANG_WARN_BLOCK_CAPTURE_AUTORELEASING = YES;
				CLANG_WARN_BOOL_CONVERSION = YES;
				CLANG_WARN_COMMA = YES;
				CLANG_WARN_CONSTANT_CONVERSION = YES;
				CLANG_WARN_DIRECT_OBJC_ISA_USAGE = YES_ERROR;
				CLANG_WARN_DOCUMENTATION_COMMENTS = YES;
				CLANG_WARN_EMPTY_BODY = YES;
				CLANG_WARN_ENUM_CONVERSION = YES;
				CLANG_WARN_INFINITE_RECURSION = YES;
				CLANG_WARN_INT_CONVERSION = YES;
				CLANG_WARN_NON_LITERAL_NULL_CONVERSION = YES;
				CLANG_WARN_OBJC_LITERAL_CONVERSION = YES;
				CLANG_WARN_OBJC_ROOT_CLASS = YES_ERROR;
				CLANG_WARN_RANGE_LOOP_ANALYSIS = YES;
				CLANG_WARN_STRICT_PROTOTYPES = YES;
				CLANG_WARN_SUSPICIOUS_MOVE = YES;
				CLANG_WARN_UNGUARDED_AVAILABILITY = YES_AGGRESSIVE;
				CLANG_WARN_UNREACHABLE_CODE = YES;
				CLANG_WARN__DUPLICATE_METHOD_MATCH = YES;
				CODE_SIGN_IDENTITY = "iPhone Developer";
				COPY_PHASE_STRIP = NO;
				DEBUG_INFORMATION_FORMAT = dwarf;
				ENABLE_STRICT_OBJC_MSGSEND = YES;
				ENABLE_TESTABILITY = YES;
				GCC_C_LANGUAGE_STANDARD = gnu11;
				GCC_DYNAMIC_NO_PIC = NO;
				GCC_NO_COMMON_BLOCKS = YES;
				GCC_OPTIMIZATION_LEVEL = 0;
				GCC_PREPROCESSOR_DEFINITIONS = (
					"DEBUG=1",
					"$(inherited)",
				);
				GCC_WARN_64_TO_32_BIT_CONVERSION = YES;
				GCC_WARN_ABOUT_RETURN_TYPE = YES_ERROR;
				GCC_WARN_UNDECLARED_SELECTOR = YES;
				GCC_WARN_UNINITIALIZED_AUTOS = YES_AGGRESSIVE;
				GCC_WARN_UNUSED_FUNCTION = YES;
				GCC_WARN_UNUSED_VARIABLE = YES;
				IPHONEOS_DEPLOYMENT_TARGET = 11.2;
				MTL_ENABLE_DEBUG_INFO = YES;
				ONLY_ACTIVE_ARCH = YES;
				SDKROOT = iphoneos;
			};
			name = Debug;
		};
		11CD1D5F20D8D8DD000C49DF /* Release */ = {
			isa = XCBuildConfiguration;
			buildSettings = {
				ALWAYS_SEARCH_USER_PATHS = NO;
				CLANG_ANALYZER_NONNULL = YES;
				CLANG_ANALYZER_NUMBER_OBJECT_CONVERSION = YES_AGGRESSIVE;
				CLANG_CXX_LANGUAGE_STANDARD = "gnu++14";
				CLANG_CXX_LIBRARY = "libc++";
				CLANG_ENABLE_MODULES = YES;
				CLANG_ENABLE_OBJC_ARC = YES;
				CLANG_WARN_BLOCK_CAPTURE_AUTORELEASING = YES;
				CLANG_WARN_BOOL_CONVERSION = YES;
				CLANG_WARN_COMMA = YES;
				CLANG_WARN_CONSTANT_CONVERSION = YES;
				CLANG_WARN_DIRECT_OBJC_ISA_USAGE = YES_ERROR;
				CLANG_WARN_DOCUMENTATION_COMMENTS = YES;
				CLANG_WARN_EMPTY_BODY = YES;
				CLANG_WARN_ENUM_CONVERSION = YES;
				CLANG_WARN_INFINITE_RECURSION = YES;
				CLANG_WARN_INT_CONVERSION = YES;
				CLANG_WARN_NON_LITERAL_NULL_CONVERSION = YES;
				CLANG_WARN_OBJC_LITERAL_CONVERSION = YES;
				CLANG_WARN_OBJC_ROOT_CLASS = YES_ERROR;
				CLANG_WARN_RANGE_LOOP_ANALYSIS = YES;
				CLANG_WARN_STRICT_PROTOTYPES = YES;
				CLANG_WARN_SUSPICIOUS_MOVE = YES;
				CLANG_WARN_UNGUARDED_AVAILABILITY = YES_AGGRESSIVE;
				CLANG_WARN_UNREACHABLE_CODE = YES;
				CLANG_WARN__DUPLICATE_METHOD_MATCH = YES;
				CODE_SIGN_IDENTITY = "iPhone Developer";
				COPY_PHASE_STRIP = NO;
				DEBUG_INFORMATION_FORMAT = "dwarf-with-dsym";
				ENABLE_NS_ASSERTIONS = NO;
				ENABLE_STRICT_OBJC_MSGSEND = YES;
				GCC_C_LANGUAGE_STANDARD = gnu11;
				GCC_NO_COMMON_BLOCKS = YES;
				GCC_WARN_64_TO_32_BIT_CONVERSION = YES;
				GCC_WARN_ABOUT_RETURN_TYPE = YES_ERROR;
				GCC_WARN_UNDECLARED_SELECTOR = YES;
				GCC_WARN_UNINITIALIZED_AUTOS = YES_AGGRESSIVE;
				GCC_WARN_UNUSED_FUNCTION = YES;
				GCC_WARN_UNUSED_VARIABLE = YES;
				IPHONEOS_DEPLOYMENT_TARGET = 11.2;
				MTL_ENABLE_DEBUG_INFO = NO;
				SDKROOT = iphoneos;
				VALIDATE_PRODUCT = YES;
			};
			name = Release;
		};
		11CD1D6120D8D8DD000C49DF /* Debug */ = {
			isa = XCBuildConfiguration;
			baseConfigurationReference = 943055CDC3F0EADD5CCFC8EA /* Pods-jichang.debug.xcconfig */;
			buildSettings = {
				ASSETCATALOG_COMPILER_APPICON_NAME = AppIcon;
				CODE_SIGN_STYLE = Automatic;
				DEVELOPMENT_TEAM = FZC6S954D9;
				GCC_PRECOMPILE_PREFIX_HEADER = YES;
				GCC_PREFIX_HEADER = jichang/jichang.pch;
				INFOPLIST_FILE = jichang/Info.plist;
				IPHONEOS_DEPLOYMENT_TARGET = 10.0;
				LD_RUNPATH_SEARCH_PATHS = "$(inherited) @executable_path/Frameworks";
				PRODUCT_BUNDLE_IDENTIFIER = com.minglongkeji.jichang;
				PRODUCT_NAME = "$(TARGET_NAME)";
				TARGETED_DEVICE_FAMILY = "1,2";
			};
			name = Debug;
		};
		11CD1D6220D8D8DD000C49DF /* Release */ = {
			isa = XCBuildConfiguration;
			baseConfigurationReference = EA3F5D50CF4DB87DD4C06D4F /* Pods-jichang.release.xcconfig */;
			buildSettings = {
				ASSETCATALOG_COMPILER_APPICON_NAME = AppIcon;
				CODE_SIGN_STYLE = Automatic;
				DEVELOPMENT_TEAM = FZC6S954D9;
				GCC_PRECOMPILE_PREFIX_HEADER = YES;
				GCC_PREFIX_HEADER = jichang/jichang.pch;
				INFOPLIST_FILE = jichang/Info.plist;
				IPHONEOS_DEPLOYMENT_TARGET = 10.0;
				LD_RUNPATH_SEARCH_PATHS = "$(inherited) @executable_path/Frameworks";
				PRODUCT_BUNDLE_IDENTIFIER = com.minglongkeji.jichang;
				PRODUCT_NAME = "$(TARGET_NAME)";
				TARGETED_DEVICE_FAMILY = "1,2";
			};
			name = Release;
		};
/* End XCBuildConfiguration section */

/* Begin XCConfigurationList section */
		11CD1D4520D8D8DD000C49DF /* Build configuration list for PBXProject "jichang" */ = {
			isa = XCConfigurationList;
			buildConfigurations = (
				11CD1D5E20D8D8DD000C49DF /* Debug */,
				11CD1D5F20D8D8DD000C49DF /* Release */,
			);
			defaultConfigurationIsVisible = 0;
			defaultConfigurationName = Release;
		};
		11CD1D6020D8D8DD000C49DF /* Build configuration list for PBXNativeTarget "jichang" */ = {
			isa = XCConfigurationList;
			buildConfigurations = (
				11CD1D6120D8D8DD000C49DF /* Debug */,
				11CD1D6220D8D8DD000C49DF /* Release */,
			);
			defaultConfigurationIsVisible = 0;
			defaultConfigurationName = Release;
		};
/* End XCConfigurationList section */
	};
	rootObject = 11CD1D4220D8D8DD000C49DF /* Project object */;
}
